{
  "name": "silbify",
  "requires": true,
  "lockfileVersion": 1,
  "dependencies": {
    "hyphen": {
      "version": "1.2.1",
      "resolved": "https://registry.npmjs.org/hyphen/-/hyphen-1.2.1.tgz",
      "integrity": "sha512-xzyZ7wPBkDTkccjy5cQUJ0TVwz2X0fK5Q5PXDHyvOFyZPx4J6a65rXN3zo7V8ufbl1PgzJbk0KMvbM1Bd5Hk0g=="
    }
  }
}
